{
  "name": "testin",
  "version": "1.0.0",
  "lockfileVersion": 3,
  "requires": true,
  "packages": {
    "": {
      "name": "testin",
      "version": "1.0.0",
      "license": "ISC",
      "dependencies": {
        "storyblok-js-client": "^6.6.7"
      }
    },
    "node_modules/storyblok-js-client": {
      "version": "6.6.7",
      "resolved": "https://registry.npmjs.org/storyblok-js-client/-/storyblok-js-client-6.6.7.tgz",
      "integrity": "sha512-QNCGGOUf3cgkflffNStCZNt3C7RkdYRD/vENm6iv1pC+0ZCj42kDeB/WgljWojcNWydEMyUnmGXWi2XUEkkAAQ=="
    }
  }
}
